github.com/Azure/go-ansiterm v0.0.0-20170929234023-d6e3b3328b78/go.mod h1:LmzpDX56iTiv29bbRTIsUNlaFfuhWRQBWjQdVyAevI8=
github.com/BurntSushi/toml v1.1.0 h1:ksErzDEI1khOiGPgpwuI7x2ebx/uXQNw7xJpn9Eq1+I=
github.com/BurntSushi/toml v1.1.0/go.mod h1:CxXYINrC8qIiEnFrOxCa7Jy5BFHlXnUU2pbicEuybxQ=
github.com/DataDog/datadog-agent/pkg/gohai v0.52.1 h1:Un1RmBrkMw5XjHCe6HhEpEQaIH/aDrLhFlmD97ZlPM0=
github.com/DataDog/datadog-agent/pkg/gohai v0.52.1/go.mod h1:/GQGis3Vqgtlv4/gBBgtJVucrsgh0GWV1nmUga2BrIs=
github.com/DataDog/datadog-agent/pkg/util/log v0.52.1 h1:8UE2qoTsyXYeNhwokpZgPhp+R8J1HQcuJaRGKmrWnt4=
github.com/DataDog/datadog-agent/pkg/util/log v0.52.1/go.mod h1:0tHvxURsx8Bw9ejMuY3rKTn5nN+u0/rAl4r9nzSY6Vo=
github.com/DataDog/datadog-agent/pkg/util/scrubber v0.52.1 h1:pN0KGRn+MiCDIlJ7JbObRHAti211yskbs4gwW1n+JQc=
github.com/DataDog/datadog-agent/pkg/util/scrubber v0.52.1/go.mod h1:EVETfdJCkqy0YEvSpQd9LZdcYQ7vrUomCm+bQ6h3lc4=
github.com/DataDog/zstd v1.4.1 h1:3oxKN3wbHibqx897utPC2LTQU4J+IHWWJO+glkAkpFM=
github.com/DataDog/zstd v1.4.1/go.mod h1:1jcaCB/ufaK+sKp1NBhlGmpz41jOoPQ35bpF36t7BBo=
github.com/Microsoft/go-winio v0.4.14/go.mod h1:qXqCSQ3Xa7+6tgxaGTIe4Kpcdsi+P8jBhyzoq1bpyYA=
github.com/Nvveen/Gotty v0.0.0-20120604004816-cd527374f1e5/go.mod h1:lmUJ/7eu/Q8D7ML55dXQrVaamCz2vxCfdQBasLZfHKk=
github.com/Sereal/Sereal v0.0.0-20190618215532-0b8ac451a863 h1:BRrxwOZBolJN4gIwvZMJY1tzqBvQgpaZiQRuIDD40jM=
github.com/Sereal/Sereal v0.0.0-20190618215532-0b8ac451a863/go.mod h1:D0JMgToj/WdxCgd30Kc1UcA9E+WdZoJqeVOuYW7iTBM=
github.com/asdine/storm/v3 v3.2.1 h1:I5AqhkPK6nBZ/qJXySdI7ot5BlXSZ7qvDY1zAn5ZJac=
github.com/asdine/storm/v3 v3.2.1/go.mod h1:LEpXwGt4pIqrE/XcTvCnZHT5MgZCV6Ub9q7yQzOFWr0=
github.com/bgentry/go-netrc v0.0.0-20140422174119-9fd32a8b3d3d h1:xDfNPAt8lFiC1UJrqV3uuy861HCTo708pDMbjHHdCas=
github.com/bgentry/go-netrc v0.0.0-20140422174119-9fd32a8b3d3d/go.mod h1:6QX/PXZ00z/TKoufEY6K/a0k6AhaJrQKdFe6OfVXsa4=
github.com/cenk/hub v1.0.1 h1:RBwXNOF4a8KjD8BJ08XqN8KbrqaGiQLDrgvUGJSHuPA=
github.com/cenk/hub v1.0.1/go.mod h1:rJM1LNAW0ppT8FMMuPK6c2NP/R2nH/UthtuRySSaf6Y=
github.com/cenkalti/backoff/v4 v4.1.0/go.mod h1:scbssz8iZGpm3xbr14ovlUdkxfGXNInqkPWOWmG2CLw=
github.com/cenkalti/backoff/v4 v4.1.1/go.mod h1:scbssz8iZGpm3xbr14ovlUdkxfGXNInqkPWOWmG2CLw=
github.com/cenkalti/backoff/v4 v4.3.0 h1:MyRJ/UdXutAwSAT+s3wNd7MfTIcy71VQueUuFK343L8=
github.com/cenkalti/backoff/v4 v4.3.0/go.mod h1:Y3VNntkOUPxTVeUxJ/G5vcM//AlwfmyYozVcomhLiZE=
github.com/cenkalti/hub v1.0.1 h1:UMtjc6dHSaOQTO15SVA50MBIR9zQwvsukQupDrkIRtg=
github.com/cenkalti/hub v1.0.1/go.mod h1:tcYwtS3a2d9NO/0xDXVJWx3IedurUjYCqFCmpi0lpHs=
github.com/cenkalti/rpc2 v0.0.0-20210220005819-4a29bc83afe1 h1:aT9Ez2drLmrviqTnVnH87AeXLXLgUrXACJ2g90cTT2w=
github.com/cenkalti/rpc2 v0.0.0-20210220005819-4a29bc83afe1/go.mod h1:v2npkhrXyk5BCnkNIiPdRI23Uq6uWPUQGL2hnRcRr/M=
github.com/cihub/seelog v0.0.0-20170130134532-f561c5e57575 h1:kHaBemcxl8o/pQ5VM1c8PVE1PubbNx3mjUr09OqWGCs=
github.com/cihub/seelog v0.0.0-20170130134532-f561c5e57575/go.mod h1:9d6lWj8KzO/fd/NrVaLscBKmPigpZpn5YawRPw+e3Yo=
github.com/cilium/ebpf v0.5.0/go.mod h1:4tRaxcgiL706VnOzHOdBlY8IEAIdxINsQBcU4xJJXRs=
github.com/containerd/continuity v0.0.0-20190827140505-75bee3e2ccb6/go.mod h1:GL3xCUCBDV3CZiTSEKksMWbLE66hEyuu9qyDOOqM47Y=
github.com/creack/pty v1.1.9/go.mod h1:oKZEueFk5CKHvIhNR5MUki03XCEU+Q6VDXinZuGJ33E=
github.com/creack/pty v1.1.11/go.mod h1:oKZEueFk5CKHvIhNR5MUki03XCEU+Q6VDXinZuGJ33E=
github.com/davecgh/go-spew v1.1.0/go.mod h1:J7Y8YcW2NihsgmVo/mv3lAwl/skON4iLHjSsI+c5H38=
github.com/davecgh/go-spew v1.1.1/go.mod h1:J7Y8YcW2NihsgmVo/mv3lAwl/skON4iLHjSsI+c5H38=
github.com/davecgh/go-spew v1.1.2-0.20180830191138-d8f796af33cc h1:U9qPSI2PIWSS1VwoXQT9A3Wy9MM3WgvqSxFWenqJduM=
github.com/davecgh/go-spew v1.1.2-0.20180830191138-d8f796af33cc/go.mod h1:J7Y8YcW2NihsgmVo/mv3lAwl/skON4iLHjSsI+c5H38=
github.com/digitalocean/go-libvirt v0.0.0-20240513153900-2d13115a1625 h1:+t3VDO5kiymQ25DzgxPyIg7VH9aDTCwvYXqVQcYJQ/M=
github.com/digitalocean/go-libvirt v0.0.0-20240513153900-2d13115a1625/go.mod h1:U7++5g0XDKt6MYBC4lEZzAlVKihA42Jf7p8NPpAFcHw=
github.com/docker/cli v20.10.7+incompatible/go.mod h1:JLrzqnKDaYBop7H2jaqPtU4hHvMKP+vjCwu2uszcLI8=
github.com/docker/docker v20.10.7+incompatible/go.mod h1:eEKB0N0r5NX/I1kEveEz05bcu8tLC/8azJZsviup8Sk=
github.com/docker/go-connections v0.4.0/go.mod h1:Gbd7IOopHjR8Iph03tsViu4nIes5XhDvyHbTtUxmeec=
github.com/docker/go-units v0.4.0/go.mod h1:fgPhTUdO+D/Jk86RDLlptpiXQzgHJF7gydDDbaIK4Dk=
github.com/evangwt/go-bufcopy v0.1.1 h1:dJDsc/n+rDQj1jEQueddij8Lok4XSy3jBEjCNztqdDE=
github.com/evangwt/go-bufcopy v0.1.1/go.mod h1:0rJeA3+mLjd/WmJmDjZdNU1dZZAxlzW2+VDgGrxFzL8=
github.com/evangwt/go-vncproxy v1.1.0 h1:F8ShIaLpYYCGa+drCNQ0POrYhgRsnTHBy+tknfI+Lxc=
github.com/evangwt/go-vncproxy v1.1.0/go.mod h1:HKiPKhuySwwsxeY5IokqQb+mWchqnJPOq/eJjzpL1fo=
github.com/fatih/color v1.13.0 h1:8LOYc1KYPPmyKMuN8QV2DNRWNbLo6LZ0iLs8+mlH53w=
github.com/fatih/color v1.13.0/go.mod h1:kLAiJbzzSOZDVNGyDpeOxJ47H46qBXwg5ILebYFFOfk=
github.com/frankban/quicktest v1.11.3/go.mod h1:wRf/ReqHper53s+kmmSZizM8NamnL3IM0I9ntUbOk+k=
github.com/go-chi/chi v1.5.5 h1:vOB/HbEMt9QqBqErz07QehcOKHaWFtuj87tTDVz2qXE=
github.com/go-chi/chi v1.5.5/go.mod h1:C9JqLr3tIYjDOZpzn+BCuxY8z8vmca43EeMgyZt7irw=
github.com/go-ole/go-ole v1.2.6 h1:/Fpf6oFPoeFik9ty7siob0G6Ke8QvQEuVcuChpwXzpY=
github.com/go-ole/go-ole v1.2.6/go.mod h1:pprOEPIfldk/42T2oK7lQ4v4JSDwmV0As9GaiUsvbm0=
github.com/gogo/protobuf v1.3.2/go.mod h1:P1XiOD3dCwIKUDQYPy72D8LYyHL2YPYrpS2s69NZV8Q=
github.com/golang/protobuf v1.3.1/go.mod h1:6lQm79b+lXiMfvg/cZm0SGofjICqVBUtrP5yJMmIC1U=
github.com/golang/protobuf v1.3.2/go.mod h1:6lQm79b+lXiMfvg/cZm0SGofjICqVBUtrP5yJMmIC1U=
github.com/golang/protobuf v1.5.0/go.mod h1:FsONVRAS9T7sI+LIUmWTfcYkHO4aIWwzhcaSAoJOfIk=
github.com/golang/protobuf v1.5.3 h1:KhyjKVUg7Usr/dYsdSqoFveMYd5ko72D+zANwlG1mmg=
github.com/golang/protobuf v1.5.3/go.mod h1:XVQd3VNwM+JqD3oG2Ue2ip4fOMUkwXdXDdiuN0vRsmY=
github.com/golang/snappy v0.0.1 h1:Qgr9rKW7uDUkrbSmQeiDsGa8SjGyCOGtuasMWwvp2P4=
github.com/golang/snappy v0.0.1/go.mod h1:/XxbfmMg8lxefKM7IXC3fBNl/7bRcc72aCRzEWrmP2Q=
github.com/google/go-cmp v0.2.0/go.mod h1:oXzfMopK8JAjlY9xF4vHSVASa0yLyX7SntLO5aqRK0M=
github.com/google/go-cmp v0.3.0/go.mod h1:8QqcDgzrUqlUb/G2PQTWiueGozuR1884gddMywk6iLU=
github.com/google/go-cmp v0.3.1/go.mod h1:8QqcDgzrUqlUb/G2PQTWiueGozuR1884gddMywk6iLU=
github.com/google/go-cmp v0.4.0/go.mod h1:v8dTdLbMG2kIc/vJvl+f65V22dbkXbowE6jgT/gNBxE=
github.com/google/go-cmp v0.5.2/go.mod h1:v8dTdLbMG2kIc/vJvl+f65V22dbkXbowE6jgT/gNBxE=
github.com/google/go-cmp v0.5.4/go.mod h1:v8dTdLbMG2kIc/vJvl+f65V22dbkXbowE6jgT/gNBxE=
github.com/google/go-cmp v0.5.5/go.mod h1:v8dTdLbMG2kIc/vJvl+f65V22dbkXbowE6jgT/gNBxE=
github.com/google/go-cmp v0.5.6/go.mod h1:v8dTdLbMG2kIc/vJvl+f65V22dbkXbowE6jgT/gNBxE=
github.com/google/go-cmp v0.5.9/go.mod h1:17dUlkBOakJ0+DkrSSNjCkIjxS6bF9zb3elmeNGIjoY=
github.com/google/go-cmp v0.6.0 h1:ofyhxvXcZhMsU5ulbFiLKl/XBFqE1GSq7atu8tAmTRI=
github.com/google/go-cmp v0.6.0/go.mod h1:17dUlkBOakJ0+DkrSSNjCkIjxS6bF9zb3elmeNGIjoY=
github.com/google/shlex v0.0.0-20191202100458-e7afc7fbc510/go.mod h1:pupxD2MaaD3pAXIBCelhxNneeOaAeabZDe5s4K6zSpQ=
github.com/google/uuid v1.2.0 h1:qJYtXnJRWmpe7m/3XlyhrsLrEURqHRM2kxzoxXqyUDs=
github.com/google/uuid v1.2.0/go.mod h1:TIyPZe4MgqvfeYDBFedMoGGpEw/LqOeaOT+nhxU+yHo=
github.com/hashicorp/errwrap v1.0.0 h1:hLrqtEDnRye3+sgx6z4qVLNuviH3MR5aQ0ykNJa/UYA=
github.com/hashicorp/errwrap v1.0.0/go.mod h1:YH+1FKiLXxHSkmPseP+kNlulaMuP3n2brvKWEqk/Jc4=
github.com/hashicorp/go-cleanhttp v0.5.0 h1:wvCrVc9TjDls6+YGAF2hAifE1E5U1+b4tH6KdvN3Gig=
github.com/hashicorp/go-cleanhttp v0.5.0/go.mod h1:JpRdi6/HCYpAwUzNwuwqhbovhLtngrth3wmdIIUrZ80=
github.com/hashicorp/go-getter/v2 v2.2.3 h1:6CVzhT0KJQHqd9b0pK3xSP0CM/Cv+bVhk+jcaRJ2pGk=
github.com/hashicorp/go-getter/v2 v2.2.3/go.mod h1:hp5Yy0GMQvwWVUmwLs3ygivz1JSLI323hdIE9J9m7TY=
github.com/hashicorp/go-hclog v1.6.3 h1:Qr2kF+eVWjTiYmU7Y31tYlP1h0q/X3Nl3tPGdaB11/k=
github.com/hashicorp/go-hclog v1.6.3/go.mod h1:W4Qnvbt70Wk/zYJryRzDRU/4r0kIg0PVHBcfoyhpF5M=
github.com/hashicorp/go-multierror v1.1.0 h1:B9UzwGQJehnUY1yNrnwREHc3fGbC2xefo8g4TbElacI=
github.com/hashicorp/go-multierror v1.1.0/go.mod h1:spPvp8C1qA32ftKqdAHm4hHTbPw+vmowP0z+KUhOZdA=
github.com/hashicorp/go-safetemp v1.0.0 h1:2HR189eFNrjHQyENnQMMpCiBAsRxzbTMIgBhEyExpmo=
github.com/hashicorp/go-safetemp v1.0.0/go.mod h1:oaerMy3BhqiTbVye6QuFhFtIceqFoDHxNAB65b+Rj1I=
github.com/hashicorp/go-version v1.1.0 h1:bPIoEKD27tNdebFGGxxYwcL4nepeY4j1QP23PFRGzg0=
github.com/hashicorp/go-version v1.1.0/go.mod h1:fltr4n8CU8Ke44wwGCBoEymUuxUHl09ZGVZPK5anwXA=
github.com/imdario/mergo v0.3.12/go.mod h1:jmQim1M+e3UYxmgPu/WyfjB3N3VflVyUjjjwH0dnCYA=
github.com/josharian/native v0.0.0-20200817173448-b6b71def0850/go.mod h1:7X/raswPFr05uY3HiLlYeyQntB6OO7E/d2Cu7qoaN2w=
github.com/jsimonetti/rtnetlink v0.0.0-20190606172950-9527aa82566a/go.mod h1:Oz+70psSo5OFh8DBl0Zv2ACw7Esh6pPUphlvZG9x7uw=
github.com/jsimonetti/rtnetlink v0.0.0-20200117123717-f846d4f6c1f4/go.mod h1:WGuG/smIU4J/54PblvSbh+xvCZmpJnFgr3ds6Z55XMQ=
github.com/jsimonetti/rtnetlink v0.0.0-20201009170750-9c6f07d100c1/go.mod h1:hqoO/u39cqLeBLebZ8fWdE96O7FxrAsRYhnVOdgHxok=
github.com/jsimonetti/rtnetlink v0.0.0-20201216134343-bde56ed16391/go.mod h1:cR77jAZG3Y3bsb8hF6fHJbFoyFukLFOkQ98S0pQz3xw=
github.com/jsimonetti/rtnetlink v0.0.0-20201220180245-69540ac93943/go.mod h1:z4c53zj6Eex712ROyh8WI0ihysb5j2ROyV42iNogmAs=
github.com/jsimonetti/rtnetlink v0.0.0-20210122163228-8d122574c736/go.mod h1:ZXpIyOK59ZnN7J0BV99cZUPmsqDRZ3eq5X+st7u/oSA=
github.com/jsimonetti/rtnetlink v0.0.0-20210212075122-66c871082f2b/go.mod h1:8w9Rh8m+aHZIG69YPGGem1i5VzoyRC8nw2kA8B+ik5U=
github.com/jsimonetti/rtnetlink v0.0.0-20210525051524-4cc836578190/go.mod h1:NmKSdU4VGSiv1bMsdqNALI4RSvvjtz65tTMCnD05qLo=
github.com/kisielk/errcheck v1.5.0/go.mod h1:pFxgyoBC7bSaBwPgfKdkLd5X25qrDl4LWUI2bnpBCr8=
github.com/kisielk/gotool v1.0.0/go.mod h1:XhKaO+MFFWcvkIS/tQcRk01m1F5IRFswLeQ+oQHNcck=
github.com/klauspost/compress v1.11.2 h1:MiK62aErc3gIiVEtyzKfeOHgW7atJb5g/KNX5m3c2nQ=
github.com/klauspost/compress v1.11.2/go.mod h1:aoV0uJVorq1K+umq18yTdKaF57EivdYsUV+/s2qKfXs=
github.com/konsorten/go-windows-terminal-sequences v1.0.1/go.mod h1:T0+1ngSBFLxvqU3pZ+m/2kptfBszLMUkC4ZK/EgS/cQ=
github.com/konsorten/go-windows-terminal-sequences v1.0.2/go.mod h1:T0+1ngSBFLxvqU3pZ+m/2kptfBszLMUkC4ZK/EgS/cQ=
github.com/kr/pretty v0.1.0/go.mod h1:dAy3ld7l9f0ibDNOQOHHMYYIIbhfbHSm3C4ZsoJORNo=
github.com/kr/pretty v0.2.1/go.mod h1:ipq/a2n7PKx3OHsz4KJII5eveXtPO4qwEXGdVfWzfnI=
github.com/kr/pretty v0.3.1 h1:flRD4NNwYAUpkphVc1HcthR4KEIFJ65n8Mw5qdRn3LE=
github.com/kr/pretty v0.3.1/go.mod h1:hoEshYVHaxMs3cyo3Yncou5ZscifuDolrwPKZanG3xk=
github.com/kr/pty v1.1.1/go.mod h1:pFQYn66WHrOpPYNljwOMqo10TkYh1fy3cYio2l3bCsQ=
github.com/kr/text v0.1.0/go.mod h1:4Jbv+DJW3UT/LiOwJeYQe1efqtUx/iVham/4vfdArNI=
github.com/kr/text v0.2.0 h1:5Nx0Ya0ZqY2ygV366QzturHI13Jq95ApcVaJBhpS+AY=
github.com/kr/text v0.2.0/go.mod h1:eLer722TekiGuMkidMxC/pM04lWEeraHUUmBw8l2grE=
github.com/lib/pq v0.0.0-20180327071824-d34b9ff171c2/go.mod h1:5WUZQaWbwv1U+lTReE5YruASi9Al49XbQIvNi/34Woo=
github.com/lorenzosaino/go-sysctl v0.3.1 h1:3phX80tdITw2fJjZlwbXQnDWs4S30beNcMbw0cn0HtY=
github.com/lorenzosaino/go-sysctl v0.3.1/go.mod h1:5grcsBRpspKknNS1qzt1eIeRDLrhpKZAtz8Fcuvs1Rc=
github.com/lufia/plan9stats v0.0.0-20211012122336-39d0f177ccd0/go.mod h1:zJYVVT2jmtg6P3p1VtQj7WsuWi/y4VnjVBn7F8KPB3I=
github.com/lufia/plan9stats v0.0.0-20220913051719-115f729f3c8c h1:VtwQ41oftZwlMnOEbMWQtSEUgU64U4s+GHk7hZK+jtY=
github.com/lufia/plan9stats v0.0.0-20220913051719-115f729f3c8c/go.mod h1:JKx41uQRwqlTZabZc+kILPrO/3jlKnQ2Z8b7YiVw5cE=
github.com/mattn/go-colorable v0.1.9/go.mod h1:u6P/XSegPjTcexA+o6vUJrdnUu04hMope9wVRipJSqc=
github.com/mattn/go-colorable v0.1.12 h1:jF+Du6AlPIjs2BiUiQlKOX0rt3SujHxPnksPKZbaA40=
github.com/mattn/go-colorable v0.1.12/go.mod h1:u5H1YNBxpqRaxsYJYSkiCWKzEfiAb1Gb520KVy5xxl4=
github.com/mattn/go-isatty v0.0.12/go.mod h1:cbi8OIDigv2wuxKPP5vlRcQ1OAZbq2CE4Kysco4FUpU=
github.com/mattn/go-isatty v0.0.14 h1:yVuAays6BHfxijgZPzw+3Zlu5yQgKGP2/hcQbHb7S9Y=
github.com/mattn/go-isatty v0.0.14/go.mod h1:7GGIvUiUoEMVVmxf/4nioHXj79iQHKdU27kJ6hsGG94=
github.com/mdlayher/ethtool v0.0.0-20210210192532-2b88debcdd43/go.mod h1:+t7E0lkKfbBsebllff1xdTmyJt8lH37niI6kwFk9OTo=
github.com/mdlayher/genetlink v1.0.0/go.mod h1:0rJ0h4itni50A86M2kHcgS85ttZazNt7a8H2a2cw0Gc=
github.com/mdlayher/netlink v0.0.0-20190409211403-11939a169225/go.mod h1:eQB3mZE4aiYnlUsyGGCOpPETfdQq4Jhsgf1fk3cwQaA=
github.com/mdlayher/netlink v1.0.0/go.mod h1:KxeJAFOFLG6AjpyDkQ/iIhxygIUKD+vcwqcnu43w/+M=
github.com/mdlayher/netlink v1.1.0/go.mod h1:H4WCitaheIsdF9yOYu8CFmCgQthAPIWZmcKp9uZHgmY=
github.com/mdlayher/netlink v1.1.1/go.mod h1:WTYpFb/WTvlRJAyKhZL5/uy69TDDpHHu2VZmb2XgV7o=
github.com/mdlayher/netlink v1.2.0/go.mod h1:kwVW1io0AZy9A1E2YYgaD4Cj+C+GPkU6klXCMzIJ9p8=
github.com/mdlayher/netlink v1.2.1/go.mod h1:bacnNlfhqHqqLo4WsYeXSqfyXkInQ9JneWI68v1KwSU=
github.com/mdlayher/netlink v1.2.2-0.20210123213345-5cc92139ae3e/go.mod h1:bacnNlfhqHqqLo4WsYeXSqfyXkInQ9JneWI68v1KwSU=
github.com/mdlayher/netlink v1.3.0/go.mod h1:xK/BssKuwcRXHrtN04UBkwQ6dY9VviGGuriDdoPSWys=
github.com/mdlayher/netlink v1.4.0/go.mod h1:dRJi5IABcZpBD2A3D0Mv/AiX8I9uDEu5oGkAVrekmf8=
github.com/mdlayher/netlink v1.4.1/go.mod h1:e4/KuJ+s8UhfUpO9z00/fDZZmhSrs+oxyqAS9cNgn6Q=
github.com/mdlayher/socket v0.0.0-20210307095302-262dc9984e00/go.mod h1:GAFlyu4/XV68LkQKYzKhIo/WW7j3Zi0YRAz/BOoanUc=
github.com/mitchellh/go-homedir v1.0.0 h1:vKb8ShqSby24Yrqr/yDYkuFz8d0WUjys40rvnGC8aR0=
github.com/mitchellh/go-homedir v1.0.0/go.mod h1:SfyaCUpYCn1Vlf4IUYiD9fPX4A5wJrkLzIz1N1q0pr0=
github.com/mitchellh/go-testing-interface v1.0.0 h1:fzU/JVNcaqHQEcVFAKeR41fkiLdIPrefOvVG1VZ96U0=
github.com/mitchellh/go-testing-interface v1.0.0/go.mod h1:kRemZodwjscx+RGhAo8eIhFbs2+BFgRtFPeD/KE+zxI=
github.com/mitchellh/mapstructure v1.4.1/go.mod h1:bFUtVrKA4DC2yAKiSyO/QUcy7e+RRV2QTWOzhPopBRo=
github.com/moby/sys/mountinfo v0.7.1 h1:/tTvQaSJRr2FshkhXiIpux6fQ2Zvc4j7tAhMTStAG2g=
github.com/moby/sys/mountinfo v0.7.1/go.mod h1:IJb6JQeOklcdMU9F5xQ8ZALD+CUr5VlGpwtX+VE0rpI=
github.com/moby/term v0.0.0-20201216013528-df9cb8a40635/go.mod h1:FBS0z0QWA44HXygs7VXDUOGoN/1TV3RuWkLO04am3wc=
github.com/opencontainers/go-digest v1.0.0-rc1/go.mod h1:cMLVZDEM3+U2I4VmLI6N8jQYUd2OVphdqWwCJHrFt2s=
github.com/opencontainers/image-spec v1.0.1/go.mod h1:BtxoFyWECRxE4U/7sNtV5W15zMzWCbyJoFRP3s7yZA0=
github.com/opencontainers/runc v1.0.0-rc9/go.mod h1:qT5XzbpPznkRYVz/mWwUaVBUv2rmF59PVA73FjuZG0U=
github.com/ory/dockertest/v3 v3.7.0/go.mod h1:PvCCgnP7AfBZeVrzwiUTjZx/IUXlGLC1zQlUQrLIlUE=
github.com/ovn-org/libovsdb v0.6.0 h1:/N4AU0QjIAe0vCLp99Mi82um6c4xh439pGFYEcZPUlQ=
github.com/ovn-org/libovsdb v0.6.0/go.mod h1:5Ld4X+oWvMlbPAGvbJyE/wp8TAWdydI67jatQ3qbsVc=
github.com/pkg/errors v0.8.1/go.mod h1:bwawxfHBFNV+L2hUp1rHADufV3IMtnDRdf1r5NINEl0=
github.com/pkg/errors v0.9.1 h1:FEBLx1zS214owpjy7qsBeixbURkuhQAwrK5UwLGTwt4=
github.com/pkg/errors v0.9.1/go.mod h1:bwawxfHBFNV+L2hUp1rHADufV3IMtnDRdf1r5NINEl0=
github.com/pmezard/go-difflib v1.0.0/go.mod h1:iKH77koFhYxTK1pcRnkKkqfTogsbg7gZNVY4sRDYZ/4=
github.com/pmezard/go-difflib v1.0.1-0.20181226105442-5d4384ee4fb2 h1:Jamvg5psRIccs7FGNTlIRMkT8wgtp5eCXdBlqhYGL6U=
github.com/pmezard/go-difflib v1.0.1-0.20181226105442-5d4384ee4fb2/go.mod h1:iKH77koFhYxTK1pcRnkKkqfTogsbg7gZNVY4sRDYZ/4=
github.com/power-devops/perfstat v0.0.0-20210106213030-5aafc221ea8c/go.mod h1:OmDBASR4679mdNQnz2pUhc2G8CO2JrUAVFDRBDP/hJE=
github.com/power-devops/perfstat v0.0.0-20220216144756-c35f1ee13d7c h1:NRoLoZvkBTKvR5gQLgA3e0hqjkY9u1wm+iOL45VN/qI=
github.com/power-devops/perfstat v0.0.0-20220216144756-c35f1ee13d7c/go.mod h1:OmDBASR4679mdNQnz2pUhc2G8CO2JrUAVFDRBDP/hJE=
github.com/rogpeppe/go-internal v1.10.0 h1:TMyTOH3F/DB16zRVcYyreMH6GnZZrwQVAoYjRBZyWFQ=
github.com/rogpeppe/go-internal v1.10.0/go.mod h1:UQnix2H7Ngw/k4C5ijL5+65zddjncjaFoBhdsK/akog=
github.com/shirou/gopsutil/v3 v3.24.1 h1:R3t6ondCEvmARp3wxODhXMTLC/klMa87h2PHUw5m7QI=
github.com/shirou/gopsutil/v3 v3.24.1/go.mod h1:UU7a2MSBQa+kW1uuDq8DeEBS8kmrnQwsv2b5O513rwU=
github.com/shoenig/go-m1cpu v0.1.6 h1:nxdKQNcEB6vzgA2E2bvzKIYRuNj7XNJ4S/aRSwKzFtM=
github.com/shoenig/go-m1cpu v0.1.6/go.mod h1:1JJMcUBvfNwpq05QDQVAnx3gUHr9IYF7GNg9SUEw2VQ=
github.com/shoenig/test v0.6.4 h1:kVTaSd7WLz5WZ2IaoM0RSzRsUD+m8wRR+5qvntpn4LU=
github.com/shoenig/test v0.6.4/go.mod h1:byHiCGXqrVaflBLAMq/srcZIHynQPQgeyvkvXnjqq0k=
github.com/sirupsen/logrus v1.4.1/go.mod h1:ni0Sbl8bgC9z8RoU9G6nDWqqs/fq4eDPysMBDgk/93Q=
github.com/sirupsen/logrus v1.4.2/go.mod h1:tLMulIdttU9McNUspp0xgXVQah82FyeX6MwdIuYE2rE=
github.com/spf13/pflag v1.0.3/go.mod h1:DYY7MBk1bdzusC3SYhjObp+wFpr4gzcvqqNjLnInEg4=
github.com/stretchr/objx v0.1.0/go.mod h1:HFkY916IF+rwdDfMAkV7OtwuqBVzrE8GR6GFx+wExME=
github.com/stretchr/objx v0.1.1/go.mod h1:HFkY916IF+rwdDfMAkV7OtwuqBVzrE8GR6GFx+wExME=
github.com/stretchr/objx v0.4.0/go.mod h1:YvHI0jy2hoMjB+UWwv71VJQ9isScKT/TqJzVSSt89Yw=
github.com/stretchr/objx v0.5.0/go.mod h1:Yh+to48EsGEfYuaHDzXPcE3xhTkx73EhmCGUpEOglKo=
github.com/stretchr/testify v1.2.2/go.mod h1:a8OnRcib4nhh0OaRAV+Yts87kKdq0PP7pXfy6kDkUVs=
github.com/stretchr/testify v1.3.0/go.mod h1:M5WIy9Dh21IEIfnGCwXGc5bZfKNJtfHm1UVUgZn+9EI=
github.com/stretchr/testify v1.4.0/go.mod h1:j7eGeouHqKxXV5pUuKE4zz7dFj8WfuZ+81PSLYec5m4=
github.com/stretchr/testify v1.6.1/go.mod h1:6Fq8oRcR53rry900zMqJjRRixrwX3KX962/h/Wwjteg=
github.com/stretchr/testify v1.7.1/go.mod h1:6Fq8oRcR53rry900zMqJjRRixrwX3KX962/h/Wwjteg=
github.com/stretchr/testify v1.7.2/go.mod h1:R6va5+xMeoiuVRoj+gSkQ7d3FALtqAAGI1FQKckRals=
github.com/stretchr/testify v1.8.0/go.mod h1:yNjHg4UonilssWZ8iaSj1OCr/vHnekPRkoO+kdMU+MU=
github.com/stretchr/testify v1.8.4/go.mod h1:sz/lmYIOXD/1dqDmKjjqLyZ2RngseejIcXlSw2iwfAo=
github.com/stretchr/testify v1.9.0 h1:HtqpIVDClZ4nwg75+f6Lvsy/wHu+3BoSGCbBAcpTsTg=
github.com/stretchr/testify v1.9.0/go.mod h1:r2ic/lqez/lEtzL7wO/rwa5dbSLXVDPFyf8C91i36aY=
github.com/tklauser/go-sysconf v0.3.12 h1:0QaGUFOdQaIVdPgfITYzaTegZvdCjmYO52cSFAEVmqU=
github.com/tklauser/go-sysconf v0.3.12/go.mod h1:Ho14jnntGE1fpdOqQEEaiKRpvIavV0hSfmBq8nJbHYI=
github.com/tklauser/numcpus v0.6.1 h1:ng9scYS7az0Bk4OZLvrNXNSAO2Pxr1XXRAPyjhIx+Fk=
github.com/tklauser/numcpus v0.6.1/go.mod h1:1XfjsgE2zo8GVw7POkMbHENHzVg3GzmoZ9fESEdAacY=
github.com/ulikunitz/xz v0.5.8 h1:ERv8V6GKqVi23rgu5cj9pVfVzJbOqAY2Ntl88O6c2nQ=
github.com/ulikunitz/xz v0.5.8/go.mod h1:nbz6k7qbPmH4IRqmfOplQw/tblSgqTqBwxkY0oWt/14=
github.com/vishvananda/netlink v1.3.1 h1:3AEMt62VKqz90r0tmNhog0r/PpWKmrEShJU0wJW6bV0=
github.com/vishvananda/netlink v1.3.1/go.mod h1:ARtKouGSTGchR8aMwmkzC0qiNPrrWO5JS/XMVl45+b4=
github.com/vishvananda/netns v0.0.5 h1:DfiHV+j8bA32MFM7bfEunvT8IAqQ/NzSJHtcmW5zdEY=
github.com/vishvananda/netns v0.0.5/go.mod h1:SpkAiCQRtJ6TvvxPnOSyH3BMl6unz3xZlaprSwhNNJM=
github.com/vmihailenco/msgpack v4.0.4+incompatible h1:dSLoQfGFAo3F6OoNhwUmLwVgaUXK79GlxNBwueZn0xI=
github.com/vmihailenco/msgpack v4.0.4+incompatible/go.mod h1:fy3FlTQTDXWkZ7Bh6AcGMlsjHatGryHQYUTf1ShIgkk=
github.com/xeipuuv/gojsonpointer v0.0.0-20180127040702-4e3ac2762d5f/go.mod h1:N2zxlSyiKSe5eX1tZViRH5QA0qijqEDrYZiPEAiq3wU=
github.com/xeipuuv/gojsonreference v0.0.0-20180127040603-bd5ef7bd5415/go.mod h1:GwrjFmJcFw6At/Gs6z4yjiIwzuJ1/+UwLxMQDVQXShQ=
github.com/xeipuuv/gojsonschema v1.2.0/go.mod h1:anYRn/JVcOK2ZgGU+IjEV4nwlhoK5sQluxsYJ78Id3Y=
github.com/yuin/goldmark v1.1.27/go.mod h1:3hX8gzYuyVAZsxl0MRgGTJEmQBFcNTphYh9decYSb74=
github.com/yuin/goldmark v1.2.1/go.mod h1:3hX8gzYuyVAZsxl0MRgGTJEmQBFcNTphYh9decYSb74=
github.com/yusufpapurcu/wmi v1.2.3 h1:E1ctvB7uKFMOJw3fdOW32DwGE9I7t++CRUEMKvFoFiw=
github.com/yusufpapurcu/wmi v1.2.3/go.mod h1:SBZ9tNy3G9/m5Oi98Zks0QjeHVDvuK0qfxQmPyzfmi0=
go.etcd.io/bbolt v1.3.4/go.mod h1:G5EMThwa9y8QZGBClrRx5EY+Yw9kAhnjy3bSjsnlVTQ=
go.etcd.io/bbolt v1.3.10 h1:+BqfJTcCzTItrop8mq/lbzL8wSGtj94UO/3U31shqG0=
go.etcd.io/bbolt v1.3.10/go.mod h1:bK3UQLPJZly7IlNmV7uVHJDxfe5aK9Ll93e/74Y9oEQ=
go.uber.org/atomic v1.11.0 h1:ZvwS0R+56ePWxUNi+Atn9dWONBPp/AUETXlHW0DxSjE=
go.uber.org/atomic v1.11.0/go.mod h1:LUxbIzbOniOlMKjJjyPfpl4v+PKK2cNJn91OQbhoJI0=
golang.org/x/crypto v0.0.0-20190308221718-c2843e01d9a2/go.mod h1:djNgcEr1/C05ACkg1iLfiJU5Ep61QUkGW8qpdssI0+w=
golang.org/x/crypto v0.0.0-20191011191535-87dc89f01550/go.mod h1:yigFU9vqHzYiE8UmvKecakEJjdnWj3jj499lnFckfCI=
golang.org/x/crypto v0.0.0-20200622213623-75b288015ac9/go.mod h1:LzIPMQfyMNhhGPhUkYOs5KpL4U8rLKemX1yGLhDgUto=
golang.org/x/crypto v0.23.0 h1:dIJU/v2J8Mdglj/8rJ6UUOM3Zc9zLZxVZwwxMooUSAI=
golang.org/x/crypto v0.23.0/go.mod h1:CKFgDieR+mRhux2Lsu27y0fO304Db0wZe70UKqHu0v8=
golang.org/x/exp/typeparams v0.0.0-20220613132600-b0d781184e0d h1:+W8Qf4iJtMGKkyAygcKohjxTk4JPsL9DpzApJ22m5Ic=
golang.org/x/exp/typeparams v0.0.0-20220613132600-b0d781184e0d/go.mod h1:AbB0pIl9nAr9wVwH+Z2ZpaocVmF5I4GyWCDIsVjR0bk=
golang.org/x/lint v0.0.0-20210508222113-6edffad5e616 h1:VLliZ0d+/avPrXXH+OakdXhpJuEoBZuwh1m2j7U6Iug=
golang.org/x/lint v0.0.0-20210508222113-6edffad5e616/go.mod h1:3xt1FjdF8hUf6vQPIChWIBhFzV8gjjsPE/fR3IyQdNY=
golang.org/x/mod v0.1.1-0.20191105210325-c90efee705ee/go.mod h1:QqPTAvyqsEbceGzBzNggFXnrqF1CaUcvgkdR5Ot7KZg=
golang.org/x/mod v0.2.0/go.mod h1:s0Qsj1ACt9ePp/hMypM3fl4fZqREWJwdYDEqhRiZZUA=
golang.org/x/mod v0.3.0/go.mod h1:s0Qsj1ACt9ePp/hMypM3fl4fZqREWJwdYDEqhRiZZUA=
golang.org/x/mod v0.17.0 h1:zY54UmvipHiNd+pm+m0x9KhZ9hl1/7QNMyxXbc6ICqA=
golang.org/x/mod v0.17.0/go.mod h1:hTbmBsO62+eylJbnUtE2MGJUyE7QWk4xUqPFrRgJ+7c=
golang.org/x/net v0.0.0-20190311183353-d8887717615a/go.mod h1:t9HGtf8HONx5eT2rtn7q6eTqICYqUVnKs3thJo3Qplg=
golang.org/x/net v0.0.0-20190404232315-eb5bcb51f2a3/go.mod h1:t9HGtf8HONx5eT2rtn7q6eTqICYqUVnKs3thJo3Qplg=
golang.org/x/net v0.0.0-20190603091049-60506f45cf65/go.mod h1:HSz+uSET+XFnRR8LxR5pz3Of3rY3CfYBVs4xY44aLks=
golang.org/x/net v0.0.0-20190620200207-3b0461eec859/go.mod h1:z5CRVTTTmAJ677TzLLGU+0bjPO0LkuOLi4/5GtJWs/s=
golang.org/x/net v0.0.0-20190827160401-ba9fcec4b297/go.mod h1:z5CRVTTTmAJ677TzLLGU+0bjPO0LkuOLi4/5GtJWs/s=
golang.org/x/net v0.0.0-20191007182048-72f939374954/go.mod h1:z5CRVTTTmAJ677TzLLGU+0bjPO0LkuOLi4/5GtJWs/s=
golang.org/x/net v0.0.0-20191105084925-a882066a44e0/go.mod h1:z5CRVTTTmAJ677TzLLGU+0bjPO0LkuOLi4/5GtJWs/s=
golang.org/x/net v0.0.0-20200202094626-16171245cfb2/go.mod h1:z5CRVTTTmAJ677TzLLGU+0bjPO0LkuOLi4/5GtJWs/s=
golang.org/x/net v0.0.0-20200226121028-0de0cce0169b/go.mod h1:z5CRVTTTmAJ677TzLLGU+0bjPO0LkuOLi4/5GtJWs/s=
golang.org/x/net v0.0.0-20200301022130-244492dfa37a/go.mod h1:z5CRVTTTmAJ677TzLLGU+0bjPO0LkuOLi4/5GtJWs/s=
golang.org/x/net v0.0.0-20201010224723-4f7140c49acb/go.mod h1:sp8m0HH+o8qH0wwXwYZr8TS3Oi6o0r6Gce1SSxlDquU=
golang.org/x/net v0.0.0-20201021035429-f5854403a974/go.mod h1:sp8m0HH+o8qH0wwXwYZr8TS3Oi6o0r6Gce1SSxlDquU=
golang.org/x/net v0.0.0-20201110031124-69a78807bb2b/go.mod h1:sp8m0HH+o8qH0wwXwYZr8TS3Oi6o0r6Gce1SSxlDquU=
golang.org/x/net v0.0.0-20201216054612-986b41b23924/go.mod h1:m0MpNAwzfU5UDzcl9v0D8zg8gWTRqZa9RBIspLL5mdg=
golang.org/x/net v0.0.0-20201224014010-6772e930b67b/go.mod h1:m0MpNAwzfU5UDzcl9v0D8zg8gWTRqZa9RBIspLL5mdg=
golang.org/x/net v0.0.0-20210119194325-5f4716e94777/go.mod h1:m0MpNAwzfU5UDzcl9v0D8zg8gWTRqZa9RBIspLL5mdg=
golang.org/x/net v0.0.0-20210226172049-e18ecbb05110/go.mod h1:m0MpNAwzfU5UDzcl9v0D8zg8gWTRqZa9RBIspLL5mdg=
golang.org/x/net v0.0.0-20210525063256-abc453219eb5/go.mod h1:9nx3DQGgdP8bBQD5qxJ1jj9UTztislL4KSBs9R2vV5Y=
golang.org/x/net v0.25.0 h1:d/OCCoBEUq33pjydKrGQhw7IlUPI2Oylr+8qLx49kac=
golang.org/x/net v0.25.0/go.mod h1:JkAGAh7GEvH74S6FOH42FLoXpXbE/aqXSrIQjXgsiwM=
golang.org/x/sync v0.0.0-20190423024810-112230192c58/go.mod h1:RxMgew5VJxzue5/jJTE5uejpjVlOe/izrB70Jof72aM=
golang.org/x/sync v0.0.0-20190911185100-cd5d95a43a6e/go.mod h1:RxMgew5VJxzue5/jJTE5uejpjVlOe/izrB70Jof72aM=
golang.org/x/sync v0.0.0-20201020160332-67f06af15bc9/go.mod h1:RxMgew5VJxzue5/jJTE5uejpjVlOe/izrB70Jof72aM=
golang.org/x/sync v0.7.0 h1:YsImfSBoP9QPYL0xyKJPq0gcaJdG3rInoqxTWbfQu9M=
golang.org/x/sync v0.7.0/go.mod h1:Czt+wKu1gCyEFDUtn0jG5QVvpJ6rzVqr5aXyt9drQfk=
golang.org/x/sys v0.0.0-20180905080454-ebe1bf3edb33/go.mod h1:STP8DvDyc/dI5b8T5hshtkjS+E42TnysNCUPdjciGhY=
golang.org/x/sys v0.0.0-20190215142949-d0b11bdaac8a/go.mod h1:STP8DvDyc/dI5b8T5hshtkjS+E42TnysNCUPdjciGhY=
golang.org/x/sys v0.0.0-20190312061237-fead79001313/go.mod h1:h1NjWce9XRLGQEsW7wpKNCjG9DtNlClVuFLEZdDNbEs=
golang.org/x/sys v0.0.0-20190411185658-b44545bcd369/go.mod h1:h1NjWce9XRLGQEsW7wpKNCjG9DtNlClVuFLEZdDNbEs=
golang.org/x/sys v0.0.0-20190412213103-97732733099d/go.mod h1:h1NjWce9XRLGQEsW7wpKNCjG9DtNlClVuFLEZdDNbEs=
golang.org/x/sys v0.0.0-20190422165155-953cdadca894/go.mod h1:h1NjWce9XRLGQEsW7wpKNCjG9DtNlClVuFLEZdDNbEs=
golang.org/x/sys v0.0.0-20190507160741-ecd444e8653b/go.mod h1:h1NjWce9XRLGQEsW7wpKNCjG9DtNlClVuFLEZdDNbEs=
golang.org/x/sys v0.0.0-20190826190057-c7b8b68b1456/go.mod h1:h1NjWce9XRLGQEsW7wpKNCjG9DtNlClVuFLEZdDNbEs=
golang.org/x/sys v0.0.0-20190916202348-b4ddaad3f8a3/go.mod h1:h1NjWce9XRLGQEsW7wpKNCjG9DtNlClVuFLEZdDNbEs=
golang.org/x/sys v0.0.0-20191008105621-543471e840be/go.mod h1:h1NjWce9XRLGQEsW7wpKNCjG9DtNlClVuFLEZdDNbEs=
golang.org/x/sys v0.0.0-20200116001909-b77594299b42/go.mod h1:h1NjWce9XRLGQEsW7wpKNCjG9DtNlClVuFLEZdDNbEs=
golang.org/x/sys v0.0.0-20200202164722-d101bd2416d5/go.mod h1:h1NjWce9XRLGQEsW7wpKNCjG9DtNlClVuFLEZdDNbEs=
golang.org/x/sys v0.0.0-20200223170610-d5e6a3e2c0ae/go.mod h1:h1NjWce9XRLGQEsW7wpKNCjG9DtNlClVuFLEZdDNbEs=
golang.org/x/sys v0.0.0-20200831180312-196b9ba8737a/go.mod h1:h1NjWce9XRLGQEsW7wpKNCjG9DtNlClVuFLEZdDNbEs=
golang.org/x/sys v0.0.0-20200930185726-fdedc70b468f/go.mod h1:h1NjWce9XRLGQEsW7wpKNCjG9DtNlClVuFLEZdDNbEs=
golang.org/x/sys v0.0.0-20201009025420-dfb3f7c4e634/go.mod h1:h1NjWce9XRLGQEsW7wpKNCjG9DtNlClVuFLEZdDNbEs=
golang.org/x/sys v0.0.0-20201118182958-a01c418693c7/go.mod h1:h1NjWce9XRLGQEsW7wpKNCjG9DtNlClVuFLEZdDNbEs=
golang.org/x/sys v0.0.0-20201119102817-f84b799fce68/go.mod h1:h1NjWce9XRLGQEsW7wpKNCjG9DtNlClVuFLEZdDNbEs=
golang.org/x/sys v0.0.0-20201204225414-ed752295db88/go.mod h1:h1NjWce9XRLGQEsW7wpKNCjG9DtNlClVuFLEZdDNbEs=
golang.org/x/sys v0.0.0-20201218084310-7d0127a74742/go.mod h1:h1NjWce9XRLGQEsW7wpKNCjG9DtNlClVuFLEZdDNbEs=
golang.org/x/sys v0.0.0-20210110051926-789bb1bd4061/go.mod h1:h1NjWce9XRLGQEsW7wpKNCjG9DtNlClVuFLEZdDNbEs=
golang.org/x/sys v0.0.0-20210123111255-9b0068b26619/go.mod h1:h1NjWce9XRLGQEsW7wpKNCjG9DtNlClVuFLEZdDNbEs=
golang.org/x/sys v0.0.0-20210124154548-22da62e12c0c/go.mod h1:h1NjWce9XRLGQEsW7wpKNCjG9DtNlClVuFLEZdDNbEs=
golang.org/x/sys v0.0.0-20210216163648-f7da38b97c65/go.mod h1:h1NjWce9XRLGQEsW7wpKNCjG9DtNlClVuFLEZdDNbEs=
golang.org/x/sys v0.0.0-20210305230114-8fe3ee5dd75b/go.mod h1:h1NjWce9XRLGQEsW7wpKNCjG9DtNlClVuFLEZdDNbEs=
golang.org/x/sys v0.0.0-20210423082822-04245dca01da/go.mod h1:h1NjWce9XRLGQEsW7wpKNCjG9DtNlClVuFLEZdDNbEs=
golang.org/x/sys v0.0.0-20210525143221-35b2ab0089ea/go.mod h1:oPkhp1MJrh7nUepCBck5+mAzfO9JrbApNNgaTdGDITg=
golang.org/x/sys v0.0.0-20210630005230-0f9fa26af87c/go.mod h1:oPkhp1MJrh7nUepCBck5+mAzfO9JrbApNNgaTdGDITg=
golang.org/x/sys v0.0.0-20210823070655-63515b42dcdf/go.mod h1:oPkhp1MJrh7nUepCBck5+mAzfO9JrbApNNgaTdGDITg=
golang.org/x/sys v0.0.0-20210927094055-39ccf1dd6fa6/go.mod h1:oPkhp1MJrh7nUepCBck5+mAzfO9JrbApNNgaTdGDITg=
golang.org/x/sys v0.0.0-20220503163025-988cb79eb6c6/go.mod h1:oPkhp1MJrh7nUepCBck5+mAzfO9JrbApNNgaTdGDITg=
golang.org/x/sys v0.0.0-20220520151302-bc2c85ada10a/go.mod h1:oPkhp1MJrh7nUepCBck5+mAzfO9JrbApNNgaTdGDITg=
golang.org/x/sys v0.2.0/go.mod h1:oPkhp1MJrh7nUepCBck5+mAzfO9JrbApNNgaTdGDITg=
golang.org/x/sys v0.8.0/go.mod h1:oPkhp1MJrh7nUepCBck5+mAzfO9JrbApNNgaTdGDITg=
golang.org/x/sys v0.10.0/go.mod h1:oPkhp1MJrh7nUepCBck5+mAzfO9JrbApNNgaTdGDITg=
golang.org/x/sys v0.11.0/go.mod h1:oPkhp1MJrh7nUepCBck5+mAzfO9JrbApNNgaTdGDITg=
golang.org/x/sys v0.16.0/go.mod h1:/VUhepiaJMQUp4+oa/7Zr1D23ma6VTLIYjOOTFZPUcA=
golang.org/x/sys v0.20.0 h1:Od9JTbYCk261bKm4M/mw7AklTlFYIa0bIp9BgSm1S8Y=
golang.org/x/sys v0.20.0/go.mod h1:/VUhepiaJMQUp4+oa/7Zr1D23ma6VTLIYjOOTFZPUcA=
golang.org/x/term v0.0.0-20201126162022-7de9c90e9dd1/go.mod h1:bj7SfCRtBDWHUb9snDiAeCFNEtKQo2Wmx5Cou7ajbmo=
golang.org/x/term v0.20.0 h1:VnkxpohqXaOBYJtBmEppKUG6mXpi+4O6purfc2+sMhw=
golang.org/x/term v0.20.0/go.mod h1:8UkIAJTvZgivsXaD6/pH6U9ecQzZ45awqEOzuCvwpFY=
golang.org/x/text v0.3.0/go.mod h1:NqM8EUOU14njkJ3fqMW+pc6Ldnwhi/IjpwHt7yyuwOQ=
golang.org/x/text v0.3.2/go.mod h1:bEr9sfX3Q8Zfm5fL9x+3itogRgK3+ptLWKqgva+5dAk=
golang.org/x/text v0.3.3/go.mod h1:5Zoc/QRtKVWzQhOtBMvqHzDpF6irO9z98xDceosuGiQ=
golang.org/x/text v0.3.6/go.mod h1:5Zoc/QRtKVWzQhOtBMvqHzDpF6irO9z98xDceosuGiQ=
golang.org/x/tools v0.0.0-20180917221912-90fa682c2a6e/go.mod h1:n7NCudcB/nEzxVGmLbDWY5pfWTLqBcC2KZ6jyYvM4mQ=
golang.org/x/tools v0.0.0-20190624222133-a101b041ded4/go.mod h1:/rFqwRUd4F7ZHNgwSSTFct+R/Kf4OFW1sUzUTQQTgfc=
golang.org/x/tools v0.0.0-20191119224855-298f0cb1881e/go.mod h1:b+2E5dAYhXwXZwtnZ6UAqBI28+e2cm9otk0dWdXHAEo=
golang.org/x/tools v0.0.0-20200130002326-2f3ba24bd6e7/go.mod h1:TB2adYChydJhpapKDTa4BR/hXlZSLoq2Wpct/0txZ28=
golang.org/x/tools v0.0.0-20200619180055-7c47624df98f/go.mod h1:EkVYQZoAsY45+roYkvgYkIh4xh/qjgUK9TdY2XT94GE=
golang.org/x/tools v0.0.0-20210106214847-113979e3529a/go.mod h1:emZCQorbCU4vsT4fOWvOPXz4eW1wZW4PmDk9uLelYpA=
golang.org/x/tools v0.21.0 h1:qc0xYgIbsSDt9EyWz05J5wfa7LOVW0YTLOXrqdLAWIw=
golang.org/x/tools v0.21.0/go.mod h1:aiJjzUbINMkxbQROHiO6hDPo2LHcIPhhQsa9DLh0yGk=
golang.org/x/xerrors v0.0.0-20190717185122-a985d3407aa7/go.mod h1:I/5z698sn9Ka8TeJc9MKroUUfqBBauWjQqLJ2OPfmY0=
golang.org/x/xerrors v0.0.0-20191011141410-1b5146add898/go.mod h1:I/5z698sn9Ka8TeJc9MKroUUfqBBauWjQqLJ2OPfmY0=
golang.org/x/xerrors v0.0.0-20191204190536-9bdfabe68543/go.mod h1:I/5z698sn9Ka8TeJc9MKroUUfqBBauWjQqLJ2OPfmY0=
golang.org/x/xerrors v0.0.0-20200804184101-5ec99f83aff1/go.mod h1:I/5z698sn9Ka8TeJc9MKroUUfqBBauWjQqLJ2OPfmY0=
google.golang.org/appengine v1.6.5/go.mod h1:8WjMMxjGQR8xUklV/ARdw2HLXBOI7O7uCIDZVag1xfc=
google.golang.org/appengine v1.6.7 h1:FZR1q0exgwxzPzp/aF+VccGrSfxfPpkBqjIIEq3ru6c=
google.golang.org/appengine v1.6.7/go.mod h1:8WjMMxjGQR8xUklV/ARdw2HLXBOI7O7uCIDZVag1xfc=
google.golang.org/protobuf v1.26.0-rc.1/go.mod h1:jlhhOSvTdKEhbULTjvd4ARK9grFBp09yW+WbY/TyQbw=
google.golang.org/protobuf v1.26.0/go.mod h1:9q0QmTI4eRPtz6boOQmLYwt+qCgq0jsYwAQnmE0givc=
google.golang.org/protobuf v1.30.0 h1:kPPoIgf3TsEvrm0PFe15JQ+570QVxYzEvvHqChK+cng=
google.golang.org/protobuf v1.30.0/go.mod h1:HV8QOd/L58Z+nl8r43ehVNZIU/HEI6OcFqwMG9pJV4I=
gopkg.in/check.v1 v0.0.0-20161208181325-20d25e280405/go.mod h1:Co6ibVJAznAaIkqp8huTwlJQCZ016jof/cbN4VW5Yz0=
gopkg.in/check.v1 v1.0.0-20190902080502-41f04d3bba15/go.mod h1:Co6ibVJAznAaIkqp8huTwlJQCZ016jof/cbN4VW5Yz0=
gopkg.in/check.v1 v1.0.0-20201130134442-10cb98267c6c h1:Hei/4ADfdWqJk1ZMxUNpqntNwaWcugrBjAiHlqqRiVk=
gopkg.in/check.v1 v1.0.0-20201130134442-10cb98267c6c/go.mod h1:JHkPIbrfpd72SG/EVd6muEfDQjcINNoR0C8j2r3qZ4Q=
gopkg.in/yaml.v2 v2.2.2/go.mod h1:hI93XBmqTisBFMUTm0b8Fm+jr3Dg1NNxqwp+5A1VGuI=
gopkg.in/yaml.v2 v2.3.0/go.mod h1:hI93XBmqTisBFMUTm0b8Fm+jr3Dg1NNxqwp+5A1VGuI=
gopkg.in/yaml.v2 v2.4.0 h1:D8xgwECY7CYvx+Y2n4sBz93Jn9JRvxdiyyo8CTfuKaY=
gopkg.in/yaml.v2 v2.4.0/go.mod h1:RDklbk79AGWmwhnvt/jBztapEOGDOx6ZbXqjP6csGnQ=
gopkg.in/yaml.v3 v3.0.0-20200313102051-9f266ea9e77c/go.mod h1:K4uyk7z7BCEPqu6E+C64Yfv1cQ7kz7rIZviUmN+EgEM=
gopkg.in/yaml.v3 v3.0.1 h1:fxVm/GzAzEWqLHuvctI91KS9hhNmmWOoWu0XTYJS7CA=
gopkg.in/yaml.v3 v3.0.1/go.mod h1:K4uyk7z7BCEPqu6E+C64Yfv1cQ7kz7rIZviUmN+EgEM=
gotest.tools/v3 v3.0.2/go.mod h1:3SzNCllyD9/Y+b5r9JIKQ474KzkZyqLqEfYqMsX94Bk=
honnef.co/go/tools v0.3.2 h1:ytYb4rOqyp1TSa2EPvNVwtPQJctSELKaMyLfqNP4+34=
honnef.co/go/tools v0.3.2/go.mod h1:jzwdWgg7Jdq75wlfblQxO4neNaFFSvgc1tD5Wv8U0Yw=
libvirt.org/go/libvirtxml v1.10003.0 h1:ZxM+bZlCPd/7DXj4W7l+743mFpe9xx2ulwZ1ryQemUs=
libvirt.org/go/libvirtxml v1.10003.0/go.mod h1:7Oq2BLDstLr/XtoQD8Fr3mfDNrzlI3utYKySXF2xkng=
